
Microsoft Visual Studio Solution File, Format Version 12.00
# Visual Studio Version 17
VisualStudioVersion = 17.9.34622.214
MinimumVisualStudioVersion = 10.0.40219.1
Project("{9A19103F-16F7-4668-BE54-9A1E7A4F7556}") = "ConfigApi", "ConfigApi\ConfigApi.csproj", "{08E87EDC-D08F-453A-B7B5-D52F8CDD501C}"
EndProject
Project("{9A19103F-16F7-4668-BE54-9A1E7A4F7556}") = "Service", "Service\Service.csproj", "{FCEC36BA-0D90-4497-8DFC-5581EA34986E}"
EndProject
Project("{FAE04EC0-301F-11D3-BF4B-00C04F79EFBC}") = "UI", "UI\UI.csproj", "{B54AAC5C-A8D5-4A9E-A4E5-71E6842B0134}"
EndProject
Global
	GlobalSection(SolutionConfigurationPlatforms) = preSolution
		Debug|Any CPU = Debug|Any CPU
		Release|Any CPU = Release|Any CPU
	EndGlobalSection
	GlobalSection(ProjectConfigurationPlatforms) = postSolution
		{08E87EDC-D08F-453A-B7B5-D52F8CDD501C}.Debug|Any CPU.ActiveCfg = Debug|Any CPU
		{08E87EDC-D08F-453A-B7B5-D52F8CDD501C}.Debug|Any CPU.Build.0 = Debug|Any CPU
		{08E87EDC-D08F-453A-B7B5-D52F8CDD501C}.Release|Any CPU.ActiveCfg = Release|Any CPU
		{08E87EDC-D08F-453A-B7B5-D52F8CDD501C}.Release|Any CPU.Build.0 = Release|Any CPU
		{FCEC36BA-0D90-4497-8DFC-5581EA34986E}.Debug|Any CPU.ActiveCfg = Debug|Any CPU
		{FCEC36BA-0D90-4497-8DFC-5581EA34986E}.Debug|Any CPU.Build.0 = Debug|Any CPU
		{FCEC36BA-0D90-4497-8DFC-5581EA34986E}.Release|Any CPU.ActiveCfg = Release|Any CPU
		{FCEC36BA-0D90-4497-8DFC-5581EA34986E}.Release|Any CPU.Build.0 = Release|Any CPU
		{B54AAC5C-A8D5-4A9E-A4E5-71E6842B0134}.Debug|Any CPU.ActiveCfg = Debug|Any CPU
		{B54AAC5C-A8D5-4A9E-A4E5-71E6842B0134}.Debug|Any CPU.Build.0 = Debug|Any CPU
		{B54AAC5C-A8D5-4A9E-A4E5-71E6842B0134}.Debug|Any CPU.Deploy.0 = Debug|Any CPU
		{B54AAC5C-A8D5-4A9E-A4E5-71E6842B0134}.Release|Any CPU.ActiveCfg = Release|Any CPU
		{B54AAC5C-A8D5-4A9E-A4E5-71E6842B0134}.Release|Any CPU.Build.0 = Release|Any CPU
		{B54AAC5C-A8D5-4A9E-A4E5-71E6842B0134}.Release|Any CPU.Deploy.0 = Release|Any CPU
	EndGlobalSection
	GlobalSection(SolutionProperties) = preSolution
		HideSolutionNode = FALSE
	EndGlobalSection
	GlobalSection(ExtensibilityGlobals) = postSolution
		SolutionGuid = {067DF026-266F-41B4-91B9-0E6D1016A2D1}
	EndGlobalSection
EndGlobal
